
Microsoft Visual Studio Solution File, Format Version 12.00
# Visual Studio 14
VisualStudioVersion = 14.0.24720.0
MinimumVisualStudioVersion = 10.0.40219.1
Project("{FAE04EC0-301F-11D3-BF4B-00C04F79EFBC}") = "MARKY_VSERVICE", "ItemService\MARKY_VSERVICE.csproj", "{20321DEF-1C4E-448E-9E12-D24002580388}"
EndProject
Project("{2150E333-8FDC-42A3-9474-1A3956D46DE8}") = "DALayer", "DALayer", "{0B928DBA-C5E4-4CFF-852D-E85D02B23883}"
EndProject
Project("{2150E333-8FDC-42A3-9474-1A3956D46DE8}") = "Item", "Item", "{177FE4D7-35DF-484B-8A97-2D6B36DC88EE}"
EndProject
Project("{FAE04EC0-301F-11D3-BF4B-00C04F79EFBC}") = "Item.Contracts", "Item.Contracts\Item.Contracts.csproj", "{A7D30E2D-6B62-43D3-9E59-DEB5FA13A2B4}"
EndProject
Project("{FAE04EC0-301F-11D3-BF4B-00C04F79EFBC}") = "Item.Services", "Item.Services\Item.Services.csproj", "{6FCF4B6D-932B-40F1-9469-44E967833037}"
EndProject
Project("{2150E333-8FDC-42A3-9474-1A3956D46DE8}") = "BELayer", "BELayer", "{0DA25D3C-891B-47A5-95BF-F9A5E8DC6A54}"
EndProject
Project("{2150E333-8FDC-42A3-9474-1A3956D46DE8}") = "Item", "Item", "{7940C9F6-1BC8-43FC-80D7-6B93AF42F93F}"
EndProject
Project("{FAE04EC0-301F-11D3-BF4B-00C04F79EFBC}") = "ItemBE", "ItemBE\ItemBE.csproj", "{474CF5B7-798C-4F42-A21D-CE6AB80AF825}"
EndProject
Project("{FAE04EC0-301F-11D3-BF4B-00C04F79EFBC}") = "Item.Access", "Item.Access\Item.Access.csproj", "{415CFD4D-B74D-468D-8A21-3A1C48D6A72F}"
EndProject
Global
	GlobalSection(SolutionConfigurationPlatforms) = preSolution
		Debug|Any CPU = Debug|Any CPU
		Release|Any CPU = Release|Any CPU
	EndGlobalSection
	GlobalSection(ProjectConfigurationPlatforms) = postSolution
		{20321DEF-1C4E-448E-9E12-D24002580388}.Debug|Any CPU.ActiveCfg = Debug|Any CPU
		{20321DEF-1C4E-448E-9E12-D24002580388}.Debug|Any CPU.Build.0 = Debug|Any CPU
		{20321DEF-1C4E-448E-9E12-D24002580388}.Release|Any CPU.ActiveCfg = Release|Any CPU
		{20321DEF-1C4E-448E-9E12-D24002580388}.Release|Any CPU.Build.0 = Release|Any CPU
		{A7D30E2D-6B62-43D3-9E59-DEB5FA13A2B4}.Debug|Any CPU.ActiveCfg = Debug|Any CPU
		{A7D30E2D-6B62-43D3-9E59-DEB5FA13A2B4}.Debug|Any CPU.Build.0 = Debug|Any CPU
		{A7D30E2D-6B62-43D3-9E59-DEB5FA13A2B4}.Release|Any CPU.ActiveCfg = Release|Any CPU
		{A7D30E2D-6B62-43D3-9E59-DEB5FA13A2B4}.Release|Any CPU.Build.0 = Release|Any CPU
		{6FCF4B6D-932B-40F1-9469-44E967833037}.Debug|Any CPU.ActiveCfg = Debug|Any CPU
		{6FCF4B6D-932B-40F1-9469-44E967833037}.Debug|Any CPU.Build.0 = Debug|Any CPU
		{6FCF4B6D-932B-40F1-9469-44E967833037}.Release|Any CPU.ActiveCfg = Release|Any CPU
		{6FCF4B6D-932B-40F1-9469-44E967833037}.Release|Any CPU.Build.0 = Release|Any CPU
		{474CF5B7-798C-4F42-A21D-CE6AB80AF825}.Debug|Any CPU.ActiveCfg = Debug|Any CPU
		{474CF5B7-798C-4F42-A21D-CE6AB80AF825}.Debug|Any CPU.Build.0 = Debug|Any CPU
		{474CF5B7-798C-4F42-A21D-CE6AB80AF825}.Release|Any CPU.ActiveCfg = Release|Any CPU
		{474CF5B7-798C-4F42-A21D-CE6AB80AF825}.Release|Any CPU.Build.0 = Release|Any CPU
		{415CFD4D-B74D-468D-8A21-3A1C48D6A72F}.Debug|Any CPU.ActiveCfg = Debug|Any CPU
		{415CFD4D-B74D-468D-8A21-3A1C48D6A72F}.Debug|Any CPU.Build.0 = Debug|Any CPU
		{415CFD4D-B74D-468D-8A21-3A1C48D6A72F}.Release|Any CPU.ActiveCfg = Release|Any CPU
		{415CFD4D-B74D-468D-8A21-3A1C48D6A72F}.Release|Any CPU.Build.0 = Release|Any CPU
	EndGlobalSection
	GlobalSection(SolutionProperties) = preSolution
		HideSolutionNode = FALSE
	EndGlobalSection
	GlobalSection(NestedProjects) = preSolution
		{177FE4D7-35DF-484B-8A97-2D6B36DC88EE} = {0B928DBA-C5E4-4CFF-852D-E85D02B23883}
		{A7D30E2D-6B62-43D3-9E59-DEB5FA13A2B4} = {177FE4D7-35DF-484B-8A97-2D6B36DC88EE}
		{6FCF4B6D-932B-40F1-9469-44E967833037} = {177FE4D7-35DF-484B-8A97-2D6B36DC88EE}
		{7940C9F6-1BC8-43FC-80D7-6B93AF42F93F} = {0DA25D3C-891B-47A5-95BF-F9A5E8DC6A54}
		{474CF5B7-798C-4F42-A21D-CE6AB80AF825} = {7940C9F6-1BC8-43FC-80D7-6B93AF42F93F}
		{415CFD4D-B74D-468D-8A21-3A1C48D6A72F} = {177FE4D7-35DF-484B-8A97-2D6B36DC88EE}
	EndGlobalSection
EndGlobal
