
Microsoft Visual Studio Solution File, Format Version 11.00
# Visual Studio 2010
Project("{FAE04EC0-301F-11D3-BF4B-00C04F79EFBC}") = "ProductService", "ProductService\ProductService.csproj", "{20321DEF-1C4E-448E-9E12-D24002580388}"
EndProject
Global
	GlobalSection(SolutionConfigurationPlatforms) = preSolution
		Debug|Any CPU = Debug|Any CPU
		Release|Any CPU = Release|Any CPU
	EndGlobalSection
	GlobalSection(ProjectConfigurationPlatforms) = postSolution
		{20321DEF-1C4E-448E-9E12-D24002580388}.Debug|Any CPU.ActiveCfg = Debug|Any CPU
		{20321DEF-1C4E-448E-9E12-D24002580388}.Debug|Any CPU.Build.0 = Debug|Any CPU
		{20321DEF-1C4E-448E-9E12-D24002580388}.Release|Any CPU.ActiveCfg = Release|Any CPU
		{20321DEF-1C4E-448E-9E12-D24002580388}.Release|Any CPU.Build.0 = Release|Any CPU
	EndGlobalSection
	GlobalSection(SolutionProperties) = preSolution
		HideSolutionNode = FALSE
	EndGlobalSection
EndGlobal
